{
  "name": "arch",
  "version": "1.0.0",
  "lockfileVersion": 3,
  "requires": true,
  "packages": {
    "": {
      "name": "arch",
      "version": "1.0.0",
      "devDependencies": {
        "backlog.md": "^1.50.1"
      }
    },
    "node_modules/backlog.md": {
      "version": "1.50.1",
      "resolved": "https://registry.npmjs.org/backlog.md/-/backlog.md-1.50.1.tgz",
      "integrity": "sha512-FtL3Yu/112ATiZfLYnVQxMhplBhaQLIc10Ao2OVuzx3N+Vv5R3/46kmLADj3O5WXRcJNMZCqpgcVA96QQ5Rz0A==",
      "dev": true,
      "license": "MIT",
      "bin": {
        "backlog": "cli.js"
      },
      "optionalDependencies": {
        "backlog.md-darwin-arm64": "1.50.1",
        "backlog.md-darwin-x64": "1.50.1",
        "backlog.md-linux-arm64": "1.50.1",
        "backlog.md-linux-x64": "1.50.1",
        "backlog.md-windows-arm64": "1.50.1",
        "backlog.md-windows-x64": "1.50.1"
      }
    },
    "node_modules/backlog.md-darwin-arm64": {
      "version": "1.50.1",
      "resolved": "https://registry.npmjs.org/backlog.md-darwin-arm64/-/backlog.md-darwin-arm64-1.50.1.tgz",
      "integrity": "sha512-U9zPFVU88muXz86Gy19kbbGfekuDDDLgAiT6tRNOcLD2RMhPrMxAjMYMfdIVNT4yC44E626qa6gbYVbBUsABqA==",
      "cpu": [
        "arm64"
      ],
      "dev": true,
      "optional": true,
      "os": [
        "darwin"
      ]
    },
    "node_modules/backlog.md-darwin-x64": {
      "version": "1.50.1",
      "resolved": "https://registry.npmjs.org/backlog.md-darwin-x64/-/backlog.md-darwin-x64-1.50.1.tgz",
      "integrity": "sha512-+Sxj2Oqu7ekNmi4W/cPAJYACiw5w7+XAignhrRQlJCmzFdDU2F1DZ65RorscYe6riNdDBhZoXbjAPy8uCzFx5g==",
      "cpu": [
        "x64"
      ],
      "dev": true,
      "optional": true,
      "os": [
        "darwin"
      ]
    },
    "node_modules/backlog.md-linux-arm64": {
      "version": "1.50.1",
      "resolved": "https://registry.npmjs.org/backlog.md-linux-arm64/-/backlog.md-linux-arm64-1.50.1.tgz",
      "integrity": "sha512-usLhkLJRA59mLm0KWEo6w6quBq7p7QUtVzFprGEsPgSOEpgxN0GlZjnC0KjUDxual3g8JkdbMP9Ls71gGsQXrw==",
      "cpu": [
        "arm64"
      ],
      "dev": true,
      "optional": true,
      "os": [
        "linux"
      ]
    },
    "node_modules/backlog.md-linux-x64": {
      "version": "1.50.1",
      "resolved": "https://registry.npmjs.org/backlog.md-linux-x64/-/backlog.md-linux-x64-1.50.1.tgz",
      "integrity": "sha512-EBbR7JzAZs25mQS4tEBTZXjVkilN5JAtr4aDkS25cGq0vAmJNe18QD8x3ROrKIaifLQuyG3uQhNWU1O4NYGLOA==",
      "cpu": [
        "x64"
      ],
      "dev": true,
      "optional": true,
      "os": [
        "linux"
      ]
    },
    "node_modules/backlog.md-windows-arm64": {
      "version": "1.50.1",
      "resolved": "https://registry.npmjs.org/backlog.md-windows-arm64/-/backlog.md-windows-arm64-1.50.1.tgz",
      "integrity": "sha512-pVvEoygquiodhVLK/njONhC9bPAmsB2/mRgulglaBTQcAI0BrkYcIxTVmg2uepvXe4PlYGmMdhRFwaAlkQxFnQ==",
      "cpu": [
        "arm64"
      ],
      "dev": true,
      "optional": true,
      "os": [
        "win32"
      ]
    },
    "node_modules/backlog.md-windows-x64": {
      "version": "1.50.1",
      "resolved": "https://registry.npmjs.org/backlog.md-windows-x64/-/backlog.md-windows-x64-1.50.1.tgz",
      "integrity": "sha512-LN3uXV9ps7p1RC28qXBVlYCrAZViGqBAhBCOdM8qrQkmdGzfPfEhV3U8sKf4luztndbZkEkWpUTSpMc6RscJTQ==",
      "cpu": [
        "x64"
      ],
      "dev": true,
      "optional": true,
      "os": [
        "win32"
      ]
    }
  }
}
